
Microsoft Visual Studio Solution File, Format Version 12.00
# Visual Studio Version 16
VisualStudioVersion = 16.0.31205.134
MinimumVisualStudioVersion = 10.0.40219.1
Project("{9A19103F-16F7-4668-BE54-9A1E7A4F7556}") = "Midnight", "Midnight\Midnight.csproj", "{BA75D0B9-BE62-412D-97B9-DF49B7710502}"
EndProject
Project("{FAE04EC0-301F-11D3-BF4B-00C04F79EFBC}") = "MidnightTest", "MidnightTest\MidnightTest.csproj", "{83DAB19E-A19C-4557-A96D-7E72140FBFA8}"
EndProject
Global
	GlobalSection(SolutionConfigurationPlatforms) = preSolution
		Debug|Any CPU = Debug|Any CPU
		Release|Any CPU = Release|Any CPU
	EndGlobalSection
	GlobalSection(ProjectConfigurationPlatforms) = postSolution
		{BA75D0B9-BE62-412D-97B9-DF49B7710502}.Debug|Any CPU.ActiveCfg = Debug|Any CPU
		{BA75D0B9-BE62-412D-97B9-DF49B7710502}.Debug|Any CPU.Build.0 = Debug|Any CPU
		{BA75D0B9-BE62-412D-97B9-DF49B7710502}.Release|Any CPU.ActiveCfg = Release|Any CPU
		{BA75D0B9-BE62-412D-97B9-DF49B7710502}.Release|Any CPU.Build.0 = Release|Any CPU
		{83DAB19E-A19C-4557-A96D-7E72140FBFA8}.Debug|Any CPU.ActiveCfg = Debug|Any CPU
		{83DAB19E-A19C-4557-A96D-7E72140FBFA8}.Debug|Any CPU.Build.0 = Debug|Any CPU
		{83DAB19E-A19C-4557-A96D-7E72140FBFA8}.Release|Any CPU.ActiveCfg = Release|Any CPU
		{83DAB19E-A19C-4557-A96D-7E72140FBFA8}.Release|Any CPU.Build.0 = Release|Any CPU
	EndGlobalSection
	GlobalSection(SolutionProperties) = preSolution
		HideSolutionNode = FALSE
	EndGlobalSection
	GlobalSection(ExtensibilityGlobals) = postSolution
		SolutionGuid = {062A6CCF-08FB-4C50-90D8-424C6938E997}
	EndGlobalSection
EndGlobal
